{
  "requires": true,
  "lockfileVersion": 1,
  "dependencies": {
    "metro4-dist": {
      "version": "4.2.7",
      "resolved": "https://registry.npmjs.org/metro4-dist/-/metro4-dist-4.2.7.tgz",
      "integrity": "sha512-kyXQm+b2i3+SdpFCNMXXj5YTR0KCH3rDmhtn2aEDKNK6pg7+vtWLz9xONd1nZmsMzJUUrd/GpVe9SpHX4FO+9A=="
    }
  }
}
